
Microsoft Visual Studio Solution File, Format Version 11.00
# Visual Studio 2010
Project("{FAE04EC0-301F-11D3-BF4B-00C04F79EFBC}") = "Unity.RenderPipelines.Core.Runtime", "Unity.RenderPipelines.Core.Runtime.csproj", "{AB28A4D4-EC96-B335-5243-4966E590E8A4}"
EndProject
Project("{FAE04EC0-301F-11D3-BF4B-00C04F79EFBC}") = "UnityEngine.TestRunner", "UnityEngine.TestRunner.csproj", "{7DE8C992-FBA1-2C69-4B64-D646D782AEDF}"
EndProject
Project("{FAE04EC0-301F-11D3-BF4B-00C04F79EFBC}") = "Unity.Mathematics", "Unity.Mathematics.csproj", "{93E5AAB2-566C-3959-B66F-C7EB10484E85}"
EndProject
Project("{FAE04EC0-301F-11D3-BF4B-00C04F79EFBC}") = "Assembly-CSharp", "Assembly-CSharp.csproj", "{41F19F8E-D361-BB26-280E-972DE85CF95C}"
EndProject
Project("{FAE04EC0-301F-11D3-BF4B-00C04F79EFBC}") = "Unity.RenderPipelines.Universal.Runtime", "Unity.RenderPipelines.Universal.Runtime.csproj", "{D7579622-C669-F651-5CA8-C0119ED3F3A9}"
EndProject
Project("{FAE04EC0-301F-11D3-BF4B-00C04F79EFBC}") = "Unity.TextMeshPro", "Unity.TextMeshPro.csproj", "{C57C4E52-0BED-1FEF-CB30-278E16E5A767}"
EndProject
Project("{FAE04EC0-301F-11D3-BF4B-00C04F79EFBC}") = "Unity.Timeline", "Unity.Timeline.csproj", "{339D77CD-4E89-3216-DFFC-188C305CA9BE}"
EndProject
Project("{FAE04EC0-301F-11D3-BF4B-00C04F79EFBC}") = "Unity.RenderPipelines.Core.ShaderLibrary", "Unity.RenderPipelines.Core.ShaderLibrary.csproj", "{36A41B8F-8F9E-36B3-12A9-4E91FE6FAD25}"
EndProject
Project("{FAE04EC0-301F-11D3-BF4B-00C04F79EFBC}") = "Unity.RenderPipeline.Universal.ShaderLibrary", "Unity.RenderPipeline.Universal.ShaderLibrary.csproj", "{1D907B51-8BB9-AE81-8964-D0815EB691CB}"
EndProject
Project("{FAE04EC0-301F-11D3-BF4B-00C04F79EFBC}") = "Unity.RenderPipelines.Universal.Shaders", "Unity.RenderPipelines.Universal.Shaders.csproj", "{9B004E92-B134-3F6A-4E82-BD019C6DB97D}"
EndProject
Project("{FAE04EC0-301F-11D3-BF4B-00C04F79EFBC}") = "Unity.RenderPipelines.ShaderGraph.ShaderGraphLibrary", "Unity.RenderPipelines.ShaderGraph.ShaderGraphLibrary.csproj", "{52401299-9897-ACD5-C4B2-C740FB5D4B3B}"
EndProject
Project("{FAE04EC0-301F-11D3-BF4B-00C04F79EFBC}") = "Unity.PlasticSCM.Editor", "Unity.PlasticSCM.Editor.csproj", "{98D8D504-D6F9-3DD5-A157-3D9A79F5CBFF}"
EndProject
Project("{FAE04EC0-301F-11D3-BF4B-00C04F79EFBC}") = "Unity.ShaderGraph.Editor", "Unity.ShaderGraph.Editor.csproj", "{9E6B6249-C545-60AF-EA83-31473563B81A}"
EndProject
Project("{FAE04EC0-301F-11D3-BF4B-00C04F79EFBC}") = "Unity.VisualStudio.Editor", "Unity.VisualStudio.Editor.csproj", "{738ACDBA-017B-4CCF-5759-04EFC336B4F8}"
EndProject
Project("{FAE04EC0-301F-11D3-BF4B-00C04F79EFBC}") = "Unity.Timeline.Editor", "Unity.Timeline.Editor.csproj", "{64C34CD0-AF72-E20E-8CC9-AF517B1455B9}"
EndProject
Project("{FAE04EC0-301F-11D3-BF4B-00C04F79EFBC}") = "Unity.TextMeshPro.Editor", "Unity.TextMeshPro.Editor.csproj", "{82E4CE8A-E3D4-FDAA-769B-5E8FCEC83BD1}"
EndProject
Project("{FAE04EC0-301F-11D3-BF4B-00C04F79EFBC}") = "Unity.CollabProxy.Editor", "Unity.CollabProxy.Editor.csproj", "{0D5979CE-C933-FADE-FEF5-A53579722F73}"
EndProject
Project("{FAE04EC0-301F-11D3-BF4B-00C04F79EFBC}") = "UnityEditor.TestRunner", "UnityEditor.TestRunner.csproj", "{E05F577D-68D5-E2A9-74CC-3DB9C323A57A}"
EndProject
Project("{FAE04EC0-301F-11D3-BF4B-00C04F79EFBC}") = "Assembly-CSharp-Editor-firstpass", "Assembly-CSharp-Editor-firstpass.csproj", "{6DF1D9AC-D75F-1D47-11CA-732BD416A0C8}"
EndProject
Project("{FAE04EC0-301F-11D3-BF4B-00C04F79EFBC}") = "Unity.Rider.Editor", "Unity.Rider.Editor.csproj", "{FE42AEA4-DA78-9BA5-C153-DB783FC662C7}"
EndProject
Project("{FAE04EC0-301F-11D3-BF4B-00C04F79EFBC}") = "Unity.RenderPipelines.Universal.Editor", "Unity.RenderPipelines.Universal.Editor.csproj", "{C31E258B-FC61-271E-A599-11549EB5C2AC}"
EndProject
Project("{FAE04EC0-301F-11D3-BF4B-00C04F79EFBC}") = "Unity.Services.Core.Editor", "Unity.Services.Core.Editor.csproj", "{B5C8222D-4A18-AF27-E0FB-79DC19F4B117}"
EndProject
Project("{FAE04EC0-301F-11D3-BF4B-00C04F79EFBC}") = "Unity.RenderPipelines.Core.Editor", "Unity.RenderPipelines.Core.Editor.csproj", "{96C6350D-8AB1-2873-D10D-74F4E8A3C47D}"
EndProject
Project("{FAE04EC0-301F-11D3-BF4B-00C04F79EFBC}") = "Unity.Searcher.Editor", "Unity.Searcher.Editor.csproj", "{110EF318-5C05-AE14-6A69-12FE0D8D1399}"
EndProject
Project("{FAE04EC0-301F-11D3-BF4B-00C04F79EFBC}") = "Unity.VSCode.Editor", "Unity.VSCode.Editor.csproj", "{5A4182DA-00B0-3F46-8463-6C1681D35D12}"
EndProject
Project("{FAE04EC0-301F-11D3-BF4B-00C04F79EFBC}") = "Unity.Mathematics.Editor", "Unity.Mathematics.Editor.csproj", "{DF4AF88E-29E6-A741-AA30-3389DC6F702C}"
EndProject
Project("{FAE04EC0-301F-11D3-BF4B-00C04F79EFBC}") = "Assembly-CSharp-Editor", "Assembly-CSharp-Editor.csproj", "{F5AE41CA-554B-CACC-2058-446ED3DD9EE3}"
EndProject
Project("{FAE04EC0-301F-11D3-BF4B-00C04F79EFBC}") = "Unity.ShaderGraph.Utilities", "Unity.ShaderGraph.Utilities.csproj", "{98566A0C-5408-371E-0BFD-A99BD21C8210}"
EndProject
Project("{FAE04EC0-301F-11D3-BF4B-00C04F79EFBC}") = "Unity.SysrootPackage.Editor", "Unity.SysrootPackage.Editor.csproj", "{015FD2DE-89BE-700E-1F49-D1580A5E4F44}"
EndProject
Project("{FAE04EC0-301F-11D3-BF4B-00C04F79EFBC}") = "Unity.Toolchain.Win-x86_64-Linux-x86_64", "Unity.Toolchain.Win-x86_64-Linux-x86_64.csproj", "{F49D85B4-189A-7D94-D722-B1DFA2B642FC}"
EndProject
Project("{FAE04EC0-301F-11D3-BF4B-00C04F79EFBC}") = "Unity.Sysroot.Linux_x86_64", "Unity.Sysroot.Linux_x86_64.csproj", "{974C91F9-E634-B88A-E3CF-3C0481E2DB72}"
EndProject
Global
	GlobalSection(SolutionConfigurationPlatforms) = preSolution
		Debug|Any CPU = Debug|Any CPU
		Release|Any CPU = Release|Any CPU
	EndGlobalSection
	GlobalSection(ProjectConfigurationPlatforms) = postSolution
		{AB28A4D4-EC96-B335-5243-4966E590E8A4}.Debug|Any CPU.ActiveCfg = Debug|Any CPU
		{AB28A4D4-EC96-B335-5243-4966E590E8A4}.Debug|Any CPU.Build.0 = Debug|Any CPU
		{AB28A4D4-EC96-B335-5243-4966E590E8A4}.Release|Any CPU.ActiveCfg = Release|Any CPU
		{AB28A4D4-EC96-B335-5243-4966E590E8A4}.Release|Any CPU.Build.0 = Release|Any CPU
		{7DE8C992-FBA1-2C69-4B64-D646D782AEDF}.Debug|Any CPU.ActiveCfg = Debug|Any CPU
		{7DE8C992-FBA1-2C69-4B64-D646D782AEDF}.Debug|Any CPU.Build.0 = Debug|Any CPU
		{7DE8C992-FBA1-2C69-4B64-D646D782AEDF}.Release|Any CPU.ActiveCfg = Release|Any CPU
		{7DE8C992-FBA1-2C69-4B64-D646D782AEDF}.Release|Any CPU.Build.0 = Release|Any CPU
		{93E5AAB2-566C-3959-B66F-C7EB10484E85}.Debug|Any CPU.ActiveCfg = Debug|Any CPU
		{93E5AAB2-566C-3959-B66F-C7EB10484E85}.Debug|Any CPU.Build.0 = Debug|Any CPU
		{93E5AAB2-566C-3959-B66F-C7EB10484E85}.Release|Any CPU.ActiveCfg = Release|Any CPU
		{93E5AAB2-566C-3959-B66F-C7EB10484E85}.Release|Any CPU.Build.0 = Release|Any CPU
		{41F19F8E-D361-BB26-280E-972DE85CF95C}.Debug|Any CPU.ActiveCfg = Debug|Any CPU
		{41F19F8E-D361-BB26-280E-972DE85CF95C}.Debug|Any CPU.Build.0 = Debug|Any CPU
		{41F19F8E-D361-BB26-280E-972DE85CF95C}.Release|Any CPU.ActiveCfg = Release|Any CPU
		{41F19F8E-D361-BB26-280E-972DE85CF95C}.Release|Any CPU.Build.0 = Release|Any CPU
		{D7579622-C669-F651-5CA8-C0119ED3F3A9}.Debug|Any CPU.ActiveCfg = Debug|Any CPU
		{D7579622-C669-F651-5CA8-C0119ED3F3A9}.Debug|Any CPU.Build.0 = Debug|Any CPU
		{D7579622-C669-F651-5CA8-C0119ED3F3A9}.Release|Any CPU.ActiveCfg = Release|Any CPU
		{D7579622-C669-F651-5CA8-C0119ED3F3A9}.Release|Any CPU.Build.0 = Release|Any CPU
		{C57C4E52-0BED-1FEF-CB30-278E16E5A767}.Debug|Any CPU.ActiveCfg = Debug|Any CPU
		{C57C4E52-0BED-1FEF-CB30-278E16E5A767}.Debug|Any CPU.Build.0 = Debug|Any CPU
		{C57C4E52-0BED-1FEF-CB30-278E16E5A767}.Release|Any CPU.ActiveCfg = Release|Any CPU
		{C57C4E52-0BED-1FEF-CB30-278E16E5A767}.Release|Any CPU.Build.0 = Release|Any CPU
		{339D77CD-4E89-3216-DFFC-188C305CA9BE}.Debug|Any CPU.ActiveCfg = Debug|Any CPU
		{339D77CD-4E89-3216-DFFC-188C305CA9BE}.Debug|Any CPU.Build.0 = Debug|Any CPU
		{339D77CD-4E89-3216-DFFC-188C305CA9BE}.Release|Any CPU.ActiveCfg = Release|Any CPU
		{339D77CD-4E89-3216-DFFC-188C305CA9BE}.Release|Any CPU.Build.0 = Release|Any CPU
		{36A41B8F-8F9E-36B3-12A9-4E91FE6FAD25}.Debug|Any CPU.ActiveCfg = Debug|Any CPU
		{36A41B8F-8F9E-36B3-12A9-4E91FE6FAD25}.Debug|Any CPU.Build.0 = Debug|Any CPU
		{36A41B8F-8F9E-36B3-12A9-4E91FE6FAD25}.Release|Any CPU.ActiveCfg = Release|Any CPU
		{36A41B8F-8F9E-36B3-12A9-4E91FE6FAD25}.Release|Any CPU.Build.0 = Release|Any CPU
		{1D907B51-8BB9-AE81-8964-D0815EB691CB}.Debug|Any CPU.ActiveCfg = Debug|Any CPU
		{1D907B51-8BB9-AE81-8964-D0815EB691CB}.Debug|Any CPU.Build.0 = Debug|Any CPU
		{1D907B51-8BB9-AE81-8964-D0815EB691CB}.Release|Any CPU.ActiveCfg = Release|Any CPU
		{1D907B51-8BB9-AE81-8964-D0815EB691CB}.Release|Any CPU.Build.0 = Release|Any CPU
		{9B004E92-B134-3F6A-4E82-BD019C6DB97D}.Debug|Any CPU.ActiveCfg = Debug|Any CPU
		{9B004E92-B134-3F6A-4E82-BD019C6DB97D}.Debug|Any CPU.Build.0 = Debug|Any CPU
		{9B004E92-B134-3F6A-4E82-BD019C6DB97D}.Release|Any CPU.ActiveCfg = Release|Any CPU
		{9B004E92-B134-3F6A-4E82-BD019C6DB97D}.Release|Any CPU.Build.0 = Release|Any CPU
		{52401299-9897-ACD5-C4B2-C740FB5D4B3B}.Debug|Any CPU.ActiveCfg = Debug|Any CPU
		{52401299-9897-ACD5-C4B2-C740FB5D4B3B}.Debug|Any CPU.Build.0 = Debug|Any CPU
		{52401299-9897-ACD5-C4B2-C740FB5D4B3B}.Release|Any CPU.ActiveCfg = Release|Any CPU
		{52401299-9897-ACD5-C4B2-C740FB5D4B3B}.Release|Any CPU.Build.0 = Release|Any CPU
		{98D8D504-D6F9-3DD5-A157-3D9A79F5CBFF}.Debug|Any CPU.ActiveCfg = Debug|Any CPU
		{98D8D504-D6F9-3DD5-A157-3D9A79F5CBFF}.Debug|Any CPU.Build.0 = Debug|Any CPU
		{98D8D504-D6F9-3DD5-A157-3D9A79F5CBFF}.Release|Any CPU.ActiveCfg = Release|Any CPU
		{98D8D504-D6F9-3DD5-A157-3D9A79F5CBFF}.Release|Any CPU.Build.0 = Release|Any CPU
		{9E6B6249-C545-60AF-EA83-31473563B81A}.Debug|Any CPU.ActiveCfg = Debug|Any CPU
		{9E6B6249-C545-60AF-EA83-31473563B81A}.Debug|Any CPU.Build.0 = Debug|Any CPU
		{9E6B6249-C545-60AF-EA83-31473563B81A}.Release|Any CPU.ActiveCfg = Release|Any CPU
		{9E6B6249-C545-60AF-EA83-31473563B81A}.Release|Any CPU.Build.0 = Release|Any CPU
		{738ACDBA-017B-4CCF-5759-04EFC336B4F8}.Debug|Any CPU.ActiveCfg = Debug|Any CPU
		{738ACDBA-017B-4CCF-5759-04EFC336B4F8}.Debug|Any CPU.Build.0 = Debug|Any CPU
		{738ACDBA-017B-4CCF-5759-04EFC336B4F8}.Release|Any CPU.ActiveCfg = Release|Any CPU
		{738ACDBA-017B-4CCF-5759-04EFC336B4F8}.Release|Any CPU.Build.0 = Release|Any CPU
		{64C34CD0-AF72-E20E-8CC9-AF517B1455B9}.Debug|Any CPU.ActiveCfg = Debug|Any CPU
		{64C34CD0-AF72-E20E-8CC9-AF517B1455B9}.Debug|Any CPU.Build.0 = Debug|Any CPU
		{64C34CD0-AF72-E20E-8CC9-AF517B1455B9}.Release|Any CPU.ActiveCfg = Release|Any CPU
		{64C34CD0-AF72-E20E-8CC9-AF517B1455B9}.Release|Any CPU.Build.0 = Release|Any CPU
		{82E4CE8A-E3D4-FDAA-769B-5E8FCEC83BD1}.Debug|Any CPU.ActiveCfg = Debug|Any CPU
		{82E4CE8A-E3D4-FDAA-769B-5E8FCEC83BD1}.Debug|Any CPU.Build.0 = Debug|Any CPU
		{82E4CE8A-E3D4-FDAA-769B-5E8FCEC83BD1}.Release|Any CPU.ActiveCfg = Release|Any CPU
		{82E4CE8A-E3D4-FDAA-769B-5E8FCEC83BD1}.Release|Any CPU.Build.0 = Release|Any CPU
		{0D5979CE-C933-FADE-FEF5-A53579722F73}.Debug|Any CPU.ActiveCfg = Debug|Any CPU
		{0D5979CE-C933-FADE-FEF5-A53579722F73}.Debug|Any CPU.Build.0 = Debug|Any CPU
		{0D5979CE-C933-FADE-FEF5-A53579722F73}.Release|Any CPU.ActiveCfg = Release|Any CPU
		{0D5979CE-C933-FADE-FEF5-A53579722F73}.Release|Any CPU.Build.0 = Release|Any CPU
		{E05F577D-68D5-E2A9-74CC-3DB9C323A57A}.Debug|Any CPU.ActiveCfg = Debug|Any CPU
		{E05F577D-68D5-E2A9-74CC-3DB9C323A57A}.Debug|Any CPU.Build.0 = Debug|Any CPU
		{E05F577D-68D5-E2A9-74CC-3DB9C323A57A}.Release|Any CPU.ActiveCfg = Release|Any CPU
		{E05F577D-68D5-E2A9-74CC-3DB9C323A57A}.Release|Any CPU.Build.0 = Release|Any CPU
		{6DF1D9AC-D75F-1D47-11CA-732BD416A0C8}.Debug|Any CPU.ActiveCfg = Debug|Any CPU
		{6DF1D9AC-D75F-1D47-11CA-732BD416A0C8}.Debug|Any CPU.Build.0 = Debug|Any CPU
		{6DF1D9AC-D75F-1D47-11CA-732BD416A0C8}.Release|Any CPU.ActiveCfg = Release|Any CPU
		{6DF1D9AC-D75F-1D47-11CA-732BD416A0C8}.Release|Any CPU.Build.0 = Release|Any CPU
		{FE42AEA4-DA78-9BA5-C153-DB783FC662C7}.Debug|Any CPU.ActiveCfg = Debug|Any CPU
		{FE42AEA4-DA78-9BA5-C153-DB783FC662C7}.Debug|Any CPU.Build.0 = Debug|Any CPU
		{FE42AEA4-DA78-9BA5-C153-DB783FC662C7}.Release|Any CPU.ActiveCfg = Release|Any CPU
		{FE42AEA4-DA78-9BA5-C153-DB783FC662C7}.Release|Any CPU.Build.0 = Release|Any CPU
		{C31E258B-FC61-271E-A599-11549EB5C2AC}.Debug|Any CPU.ActiveCfg = Debug|Any CPU
		{C31E258B-FC61-271E-A599-11549EB5C2AC}.Debug|Any CPU.Build.0 = Debug|Any CPU
		{C31E258B-FC61-271E-A599-11549EB5C2AC}.Release|Any CPU.ActiveCfg = Release|Any CPU
		{C31E258B-FC61-271E-A599-11549EB5C2AC}.Release|Any CPU.Build.0 = Release|Any CPU
		{B5C8222D-4A18-AF27-E0FB-79DC19F4B117}.Debug|Any CPU.ActiveCfg = Debug|Any CPU
		{B5C8222D-4A18-AF27-E0FB-79DC19F4B117}.Debug|Any CPU.Build.0 = Debug|Any CPU
		{B5C8222D-4A18-AF27-E0FB-79DC19F4B117}.Release|Any CPU.ActiveCfg = Release|Any CPU
		{B5C8222D-4A18-AF27-E0FB-79DC19F4B117}.Release|Any CPU.Build.0 = Release|Any CPU
		{96C6350D-8AB1-2873-D10D-74F4E8A3C47D}.Debug|Any CPU.ActiveCfg = Debug|Any CPU
		{96C6350D-8AB1-2873-D10D-74F4E8A3C47D}.Debug|Any CPU.Build.0 = Debug|Any CPU
		{96C6350D-8AB1-2873-D10D-74F4E8A3C47D}.Release|Any CPU.ActiveCfg = Release|Any CPU
		{96C6350D-8AB1-2873-D10D-74F4E8A3C47D}.Release|Any CPU.Build.0 = Release|Any CPU
		{110EF318-5C05-AE14-6A69-12FE0D8D1399}.Debug|Any CPU.ActiveCfg = Debug|Any CPU
		{110EF318-5C05-AE14-6A69-12FE0D8D1399}.Debug|Any CPU.Build.0 = Debug|Any CPU
		{110EF318-5C05-AE14-6A69-12FE0D8D1399}.Release|Any CPU.ActiveCfg = Release|Any CPU
		{110EF318-5C05-AE14-6A69-12FE0D8D1399}.Release|Any CPU.Build.0 = Release|Any CPU
		{5A4182DA-00B0-3F46-8463-6C1681D35D12}.Debug|Any CPU.ActiveCfg = Debug|Any CPU
		{5A4182DA-00B0-3F46-8463-6C1681D35D12}.Debug|Any CPU.Build.0 = Debug|Any CPU
		{5A4182DA-00B0-3F46-8463-6C1681D35D12}.Release|Any CPU.ActiveCfg = Release|Any CPU
		{5A4182DA-00B0-3F46-8463-6C1681D35D12}.Release|Any CPU.Build.0 = Release|Any CPU
		{DF4AF88E-29E6-A741-AA30-3389DC6F702C}.Debug|Any CPU.ActiveCfg = Debug|Any CPU
		{DF4AF88E-29E6-A741-AA30-3389DC6F702C}.Debug|Any CPU.Build.0 = Debug|Any CPU
		{DF4AF88E-29E6-A741-AA30-3389DC6F702C}.Release|Any CPU.ActiveCfg = Release|Any CPU
		{DF4AF88E-29E6-A741-AA30-3389DC6F702C}.Release|Any CPU.Build.0 = Release|Any CPU
		{F5AE41CA-554B-CACC-2058-446ED3DD9EE3}.Debug|Any CPU.ActiveCfg = Debug|Any CPU
		{F5AE41CA-554B-CACC-2058-446ED3DD9EE3}.Debug|Any CPU.Build.0 = Debug|Any CPU
		{F5AE41CA-554B-CACC-2058-446ED3DD9EE3}.Release|Any CPU.ActiveCfg = Release|Any CPU
		{F5AE41CA-554B-CACC-2058-446ED3DD9EE3}.Release|Any CPU.Build.0 = Release|Any CPU
		{98566A0C-5408-371E-0BFD-A99BD21C8210}.Debug|Any CPU.ActiveCfg = Debug|Any CPU
		{98566A0C-5408-371E-0BFD-A99BD21C8210}.Debug|Any CPU.Build.0 = Debug|Any CPU
		{98566A0C-5408-371E-0BFD-A99BD21C8210}.Release|Any CPU.ActiveCfg = Release|Any CPU
		{98566A0C-5408-371E-0BFD-A99BD21C8210}.Release|Any CPU.Build.0 = Release|Any CPU
		{015FD2DE-89BE-700E-1F49-D1580A5E4F44}.Debug|Any CPU.ActiveCfg = Debug|Any CPU
		{015FD2DE-89BE-700E-1F49-D1580A5E4F44}.Debug|Any CPU.Build.0 = Debug|Any CPU
		{015FD2DE-89BE-700E-1F49-D1580A5E4F44}.Release|Any CPU.ActiveCfg = Release|Any CPU
		{015FD2DE-89BE-700E-1F49-D1580A5E4F44}.Release|Any CPU.Build.0 = Release|Any CPU
		{F49D85B4-189A-7D94-D722-B1DFA2B642FC}.Debug|Any CPU.ActiveCfg = Debug|Any CPU
		{F49D85B4-189A-7D94-D722-B1DFA2B642FC}.Debug|Any CPU.Build.0 = Debug|Any CPU
		{F49D85B4-189A-7D94-D722-B1DFA2B642FC}.Release|Any CPU.ActiveCfg = Release|Any CPU
		{F49D85B4-189A-7D94-D722-B1DFA2B642FC}.Release|Any CPU.Build.0 = Release|Any CPU
		{974C91F9-E634-B88A-E3CF-3C0481E2DB72}.Debug|Any CPU.ActiveCfg = Debug|Any CPU
		{974C91F9-E634-B88A-E3CF-3C0481E2DB72}.Debug|Any CPU.Build.0 = Debug|Any CPU
		{974C91F9-E634-B88A-E3CF-3C0481E2DB72}.Release|Any CPU.ActiveCfg = Release|Any CPU
		{974C91F9-E634-B88A-E3CF-3C0481E2DB72}.Release|Any CPU.Build.0 = Release|Any CPU
	EndGlobalSection
	GlobalSection(SolutionProperties) = preSolution
		HideSolutionNode = FALSE
	EndGlobalSection
EndGlobal
