
Microsoft Visual Studio Solution File, Format Version 12.00
# Visual Studio Version 17
VisualStudioVersion = 17.8.34330.188
MinimumVisualStudioVersion = 10.0.40219.1
Project("{9A19103F-16F7-4668-BE54-9A1E7A4F7556}") = "破碎世界服务端", "破碎世界服务端.csproj", "{7600240E-A3EF-48A6-B5A2-5842D3DC8428}"
EndProject
Project("{9A19103F-16F7-4668-BE54-9A1E7A4F7556}") = "ComNet", "..\ComNet\ComNet.csproj", "{F4F38F53-CBE9-4D1F-8137-818F4BBD84AE}"
EndProject
Project("{9A19103F-16F7-4668-BE54-9A1E7A4F7556}") = "CommonNet", "..\CommonNet\CommonNet.csproj", "{498B24B1-D01B-442F-86C4-A854B234CA39}"
EndProject
Global
	GlobalSection(SolutionConfigurationPlatforms) = preSolution
		Debug|Any CPU = Debug|Any CPU
		Release|Any CPU = Release|Any CPU
	EndGlobalSection
	GlobalSection(ProjectConfigurationPlatforms) = postSolution
		{7600240E-A3EF-48A6-B5A2-5842D3DC8428}.Debug|Any CPU.ActiveCfg = Debug|Any CPU
		{7600240E-A3EF-48A6-B5A2-5842D3DC8428}.Debug|Any CPU.Build.0 = Debug|Any CPU
		{7600240E-A3EF-48A6-B5A2-5842D3DC8428}.Release|Any CPU.ActiveCfg = Release|Any CPU
		{7600240E-A3EF-48A6-B5A2-5842D3DC8428}.Release|Any CPU.Build.0 = Release|Any CPU
		{F4F38F53-CBE9-4D1F-8137-818F4BBD84AE}.Debug|Any CPU.ActiveCfg = Debug|Any CPU
		{F4F38F53-CBE9-4D1F-8137-818F4BBD84AE}.Debug|Any CPU.Build.0 = Debug|Any CPU
		{F4F38F53-CBE9-4D1F-8137-818F4BBD84AE}.Release|Any CPU.ActiveCfg = Release|Any CPU
		{F4F38F53-CBE9-4D1F-8137-818F4BBD84AE}.Release|Any CPU.Build.0 = Release|Any CPU
		{498B24B1-D01B-442F-86C4-A854B234CA39}.Debug|Any CPU.ActiveCfg = Debug|Any CPU
		{498B24B1-D01B-442F-86C4-A854B234CA39}.Debug|Any CPU.Build.0 = Debug|Any CPU
		{498B24B1-D01B-442F-86C4-A854B234CA39}.Release|Any CPU.ActiveCfg = Release|Any CPU
		{498B24B1-D01B-442F-86C4-A854B234CA39}.Release|Any CPU.Build.0 = Release|Any CPU
	EndGlobalSection
	GlobalSection(SolutionProperties) = preSolution
		HideSolutionNode = FALSE
	EndGlobalSection
	GlobalSection(ExtensibilityGlobals) = postSolution
		SolutionGuid = {A177E5F6-4548-4390-B177-1F4C67805240}
	EndGlobalSection
EndGlobal
